
Microsoft Visual Studio Solution File, Format Version 12.00
Project("{FAE04EC0-301F-11D3-BF4B-00C04F79EFBC}") = "VideoDownloaderTelegramBot", "VideoDownloaderTelegramBot\VideoDownloaderTelegramBot.csproj", "{36AE8EBF-6B62-492C-B76A-80D891E36152}"
EndProject
Global
	GlobalSection(SolutionConfigurationPlatforms) = preSolution
		Debug|Any CPU = Debug|Any CPU
		Release|Any CPU = Release|Any CPU
	EndGlobalSection
	GlobalSection(ProjectConfigurationPlatforms) = postSolution
		{36AE8EBF-6B62-492C-B76A-80D891E36152}.Debug|Any CPU.ActiveCfg = Debug|Any CPU
		{36AE8EBF-6B62-492C-B76A-80D891E36152}.Debug|Any CPU.Build.0 = Debug|Any CPU
		{36AE8EBF-6B62-492C-B76A-80D891E36152}.Release|Any CPU.ActiveCfg = Release|Any CPU
		{36AE8EBF-6B62-492C-B76A-80D891E36152}.Release|Any CPU.Build.0 = Release|Any CPU
	EndGlobalSection
EndGlobal
